{
  "name": "wikipie",
  "version": "1.0.2",
  "lockfileVersion": 1,
  "requires": true,
  "dependencies": {
    "data-uri-to-buffer": {
      "version": "3.0.1",
      "resolved": "https://registry.npmjs.org/data-uri-to-buffer/-/data-uri-to-buffer-3.0.1.tgz",
      "integrity": "sha512-WboRycPNsVw3B3TL559F7kuBUM4d8CgMEvk6xEJlOp7OBPjt6G7z8WMWlD2rOFZLk6OYfFIUGsCOWzcQH9K2og=="
    },
    "node-fetch-commonjs": {
      "version": "3.0.3",
      "resolved": "https://registry.npmjs.org/node-fetch-commonjs/-/node-fetch-commonjs-3.0.3.tgz",
      "integrity": "sha512-k+YlCEKPlxQSxCB2sK5Gs02+b9GZxNyAHKTtk+C4znDwUx2orfZzXNnPzfT7ZZjHko0l3pLDgdO33VJ66gfqBw==",
      "requires": {
        "data-uri-to-buffer": "^3.0.1",
        "web-streams-polyfill": "^3.1.1"
      }
    },
    "web-streams-polyfill": {
      "version": "3.1.1",
      "resolved": "https://registry.npmjs.org/web-streams-polyfill/-/web-streams-polyfill-3.1.1.tgz",
      "integrity": "sha512-Czi3fG883e96T4DLEPRvufrF2ydhOOW1+1a6c3gNjH2aIh50DNFBdfwh2AKoOf1rXvpvavAoA11Qdq9+BKjE0Q=="
    }
  }
}
